
Microsoft Visual Studio Solution File, Format Version 12.00
# Visual Studio Version 17
VisualStudioVersion = 17.8.34525.116
MinimumVisualStudioVersion = 10.0.40219.1
Project("{9A19103F-16F7-4668-BE54-9A1E7A4F7556}") = "BioscoopReserveringsapplicatie", "BioscoopReserveringsapplicatie\BioscoopReserveringsapplicatie.csproj", "{7EBBE222-01B2-45A8-BB2D-ABC7A370B66B}"
EndProject
Project("{FAE04EC0-301F-11D3-BF4B-00C04F79EFBC}") = "BioscoopReserveringsapplicatieTests", "BioscoopReserveringsapplicatieTests\BioscoopReserveringsapplicatieTests.csproj", "{4F3667C4-B036-4226-9BF8-F09671C199DA}"
EndProject
Global
	GlobalSection(SolutionConfigurationPlatforms) = preSolution
		Debug|Any CPU = Debug|Any CPU
		Release|Any CPU = Release|Any CPU
	EndGlobalSection
	GlobalSection(ProjectConfigurationPlatforms) = postSolution
		{7EBBE222-01B2-45A8-BB2D-ABC7A370B66B}.Debug|Any CPU.ActiveCfg = Debug|Any CPU
		{7EBBE222-01B2-45A8-BB2D-ABC7A370B66B}.Debug|Any CPU.Build.0 = Debug|Any CPU
		{7EBBE222-01B2-45A8-BB2D-ABC7A370B66B}.Release|Any CPU.ActiveCfg = Release|Any CPU
		{7EBBE222-01B2-45A8-BB2D-ABC7A370B66B}.Release|Any CPU.Build.0 = Release|Any CPU
		{4F3667C4-B036-4226-9BF8-F09671C199DA}.Debug|Any CPU.ActiveCfg = Debug|Any CPU
		{4F3667C4-B036-4226-9BF8-F09671C199DA}.Debug|Any CPU.Build.0 = Debug|Any CPU
		{4F3667C4-B036-4226-9BF8-F09671C199DA}.Release|Any CPU.ActiveCfg = Release|Any CPU
		{4F3667C4-B036-4226-9BF8-F09671C199DA}.Release|Any CPU.Build.0 = Release|Any CPU
	EndGlobalSection
	GlobalSection(SolutionProperties) = preSolution
		HideSolutionNode = FALSE
	EndGlobalSection
	GlobalSection(ExtensibilityGlobals) = postSolution
		SolutionGuid = {C7DCCE6F-5518-451B-9E07-51258C10F2E6}
	EndGlobalSection
EndGlobal
